
Microsoft Visual Studio Solution File, Format Version 12.00
# Visual Studio Version 17
VisualStudioVersion = 17.5.002.0
MinimumVisualStudioVersion = 10.0.40219.1
Project("{9A19103F-16F7-4668-BE54-9A1E7A4F7556}") = "Atividade", "Atividade\Atividade.csproj", "{DBCA4E88-5E29-4F52-813C-EAC703C3C993}"
EndProject
Global
	GlobalSection(SolutionConfigurationPlatforms) = preSolution
		Debug|Any CPU = Debug|Any CPU
		Release|Any CPU = Release|Any CPU
	EndGlobalSection
	GlobalSection(ProjectConfigurationPlatforms) = postSolution
		{DBCA4E88-5E29-4F52-813C-EAC703C3C993}.Debug|Any CPU.ActiveCfg = Debug|Any CPU
		{DBCA4E88-5E29-4F52-813C-EAC703C3C993}.Debug|Any CPU.Build.0 = Debug|Any CPU
		{DBCA4E88-5E29-4F52-813C-EAC703C3C993}.Release|Any CPU.ActiveCfg = Release|Any CPU
		{DBCA4E88-5E29-4F52-813C-EAC703C3C993}.Release|Any CPU.Build.0 = Release|Any CPU
	EndGlobalSection
	GlobalSection(SolutionProperties) = preSolution
		HideSolutionNode = FALSE
	EndGlobalSection
	GlobalSection(ExtensibilityGlobals) = postSolution
		SolutionGuid = {9BF8AD1D-8A5F-4FBD-B86E-246985349594}
	EndGlobalSection
EndGlobal
